
Microsoft Visual Studio Solution File, Format Version 10.00
# Visual C++ Express 2008
Project("{8BC9CEB8-8B4A-11D0-8D11-00A0C91BC942}") = "bin2txt", "bin2txt.vcproj", "{CA55E849-2D7F-47E1-93F5-863318ECB1FB}"
EndProject
Global
	GlobalSection(SolutionConfigurationPlatforms) = preSolution
		Debug|Win32 = Debug|Win32
		Release|Win32 = Release|Win32
	EndGlobalSection
	GlobalSection(ProjectConfigurationPlatforms) = postSolution
		{CA55E849-2D7F-47E1-93F5-863318ECB1FB}.Debug|Win32.ActiveCfg = Release|Win32
		{CA55E849-2D7F-47E1-93F5-863318ECB1FB}.Debug|Win32.Build.0 = Release|Win32
		{CA55E849-2D7F-47E1-93F5-863318ECB1FB}.Release|Win32.ActiveCfg = Release|Win32
		{CA55E849-2D7F-47E1-93F5-863318ECB1FB}.Release|Win32.Build.0 = Release|Win32
	EndGlobalSection
	GlobalSection(SolutionProperties) = preSolution
		HideSolutionNode = FALSE
	EndGlobalSection
EndGlobal
